
Microsoft Visual Studio Solution File, Format Version 11.00
# Visual C++ Express 2010
Project("{8BC9CEB8-8B4A-11D0-8D11-00A0C91BC942}") = "pap8", "pap8\pap8.vcxproj", "{8E1FF57D-A888-4444-B5AB-17FBFD0F468F}"
EndProject
Global
	GlobalSection(SolutionConfigurationPlatforms) = preSolution
		Debug|Win32 = Debug|Win32
		Release|Win32 = Release|Win32
	EndGlobalSection
	GlobalSection(ProjectConfigurationPlatforms) = postSolution
		{8E1FF57D-A888-4444-B5AB-17FBFD0F468F}.Debug|Win32.ActiveCfg = Debug|Win32
		{8E1FF57D-A888-4444-B5AB-17FBFD0F468F}.Debug|Win32.Build.0 = Debug|Win32
		{8E1FF57D-A888-4444-B5AB-17FBFD0F468F}.Release|Win32.ActiveCfg = Release|Win32
		{8E1FF57D-A888-4444-B5AB-17FBFD0F468F}.Release|Win32.Build.0 = Release|Win32
	EndGlobalSection
	GlobalSection(SolutionProperties) = preSolution
		HideSolutionNode = FALSE
	EndGlobalSection
EndGlobal
