
Microsoft Visual Studio Solution File, Format Version 11.00
# Visual C++ Express 2010
Project("{8BC9CEB8-8B4A-11D0-8D11-00A0C91BC942}") = "pap4b", "pap4b\pap4b.vcxproj", "{F1040C73-0DCA-4E83-91F1-1D7EE35CBA61}"
EndProject
Global
	GlobalSection(SolutionConfigurationPlatforms) = preSolution
		Debug|Win32 = Debug|Win32
		Release|Win32 = Release|Win32
	EndGlobalSection
	GlobalSection(ProjectConfigurationPlatforms) = postSolution
		{F1040C73-0DCA-4E83-91F1-1D7EE35CBA61}.Debug|Win32.ActiveCfg = Debug|Win32
		{F1040C73-0DCA-4E83-91F1-1D7EE35CBA61}.Debug|Win32.Build.0 = Debug|Win32
		{F1040C73-0DCA-4E83-91F1-1D7EE35CBA61}.Release|Win32.ActiveCfg = Release|Win32
		{F1040C73-0DCA-4E83-91F1-1D7EE35CBA61}.Release|Win32.Build.0 = Release|Win32
	EndGlobalSection
	GlobalSection(SolutionProperties) = preSolution
		HideSolutionNode = FALSE
	EndGlobalSection
EndGlobal
